// !$*UTF8*$!
{
	archiveVersion = 1;
	classes = {
	};
	objectVersion = 55;
	objects = {

/* Begin PBXBuildFile section */
		DE0015282713803800CFF5BD /* AppDelegate.swift in Sources */ = {isa = PBXBuildFile; fileRef = DE0015272713803800CFF5BD /* AppDelegate.swift */; };
		DE00152A2713803800CFF5BD /* SceneDelegate.swift in Sources */ = {isa = PBXBuildFile; fileRef = DE0015292713803800CFF5BD /* SceneDelegate.swift */; };
		DE00152C2713803800CFF5BD /* ViewController.swift in Sources */ = {isa = PBXBuildFile; fileRef = DE00152B2713803800CFF5BD /* ViewController.swift */; };
		DE0015312713803900CFF5BD /* Assets.xcassets in Resources */ = {isa = PBXBuildFile; fileRef = DE0015302713803900CFF5BD /* Assets.xcassets */; };
		DE0015342713803A00CFF5BD /* LaunchScreen.storyboard in Resources */ = {isa = PBXBuildFile; fileRef = DE0015322713803A00CFF5BD /* LaunchScreen.storyboard */; };
		DE0015412713825500CFF5BD /* RootViewController.swift in Sources */ = {isa = PBXBuildFile; fileRef = DE0015402713825500CFF5BD /* RootViewController.swift */; };
		DE0015442713849900CFF5BD /* Constraints.swift in Sources */ = {isa = PBXBuildFile; fileRef = DE0015432713849900CFF5BD /* Constraints.swift */; };
		DEA03E6D271AC80C00A1340B /* CalculatorView.swift in Sources */ = {isa = PBXBuildFile; fileRef = DEA03E6C271AC80C00A1340B /* CalculatorView.swift */; };
		DEA03E70271ACCD000A1340B /* Operator.swift in Sources */ = {isa = PBXBuildFile; fileRef = DEA03E6F271ACCD000A1340B /* Operator.swift */; };
		DEA03E72271AD28D00A1340B /* Multiplier.swift in Sources */ = {isa = PBXBuildFile; fileRef = DEA03E71271AD28D00A1340B /* Multiplier.swift */; };
		DEA03E74271AD35200A1340B /* Sum.swift in Sources */ = {isa = PBXBuildFile; fileRef = DEA03E73271AD35200A1340B /* Sum.swift */; };
		DEA03E76271AD3A600A1340B /* Subtract.swift in Sources */ = {isa = PBXBuildFile; fileRef = DEA03E75271AD3A600A1340B /* Subtract.swift */; };
		DEA03E78271AD3C300A1340B /* Divider.swift in Sources */ = {isa = PBXBuildFile; fileRef = DEA03E77271AD3C300A1340B /* Divider.swift */; };
/* End PBXBuildFile section */

/* Begin PBXFileReference section */
		DE0015242713803800CFF5BD /* Calculator.app */ = {isa = PBXFileReference; explicitFileType = wrapper.application; includeInIndex = 0; path = Calculator.app; sourceTree = BUILT_PRODUCTS_DIR; };
		DE0015272713803800CFF5BD /* AppDelegate.swift */ = {isa = PBXFileReference; lastKnownFileType = sourcecode.swift; path = AppDelegate.swift; sourceTree = "<group>"; };
		DE0015292713803800CFF5BD /* SceneDelegate.swift */ = {isa = PBXFileReference; lastKnownFileType = sourcecode.swift; path = SceneDelegate.swift; sourceTree = "<group>"; };
		DE00152B2713803800CFF5BD /* ViewController.swift */ = {isa = PBXFileReference; lastKnownFileType = sourcecode.swift; path = ViewController.swift; sourceTree = "<group>"; };
		DE0015302713803900CFF5BD /* Assets.xcassets */ = {isa = PBXFileReference; lastKnownFileType = folder.assetcatalog; path = Assets.xcassets; sourceTree = "<group>"; };
		DE0015332713803A00CFF5BD /* Base */ = {isa = PBXFileReference; lastKnownFileType = file.storyboard; name = Base; path = Base.lproj/LaunchScreen.storyboard; sourceTree = "<group>"; };
		DE0015352713803A00CFF5BD /* Info.plist */ = {isa = PBXFileReference; lastKnownFileType = text.plist.xml; path = Info.plist; sourceTree = "<group>"; };
		DE0015402713825500CFF5BD /* RootViewController.swift */ = {isa = PBXFileReference; fileEncoding = 4; lastKnownFileType = sourcecode.swift; path = RootViewController.swift; sourceTree = "<group>"; };
		DE0015432713849900CFF5BD /* Constraints.swift */ = {isa = PBXFileReference; lastKnownFileType = sourcecode.swift; path = Constraints.swift; sourceTree = "<group>"; };
		DEA03E6C271AC80C00A1340B /* CalculatorView.swift */ = {isa = PBXFileReference; lastKnownFileType = sourcecode.swift; path = CalculatorView.swift; sourceTree = "<group>"; };
		DEA03E6F271ACCD000A1340B /* Operator.swift */ = {isa = PBXFileReference; lastKnownFileType = sourcecode.swift; path = Operator.swift; sourceTree = "<group>"; };
		DEA03E71271AD28D00A1340B /* Multiplier.swift */ = {isa = PBXFileReference; lastKnownFileType = sourcecode.swift; path = Multiplier.swift; sourceTree = "<group>"; };
		DEA03E73271AD35200A1340B /* Sum.swift */ = {isa = PBXFileReference; lastKnownFileType = sourcecode.swift; path = Sum.swift; sourceTree = "<group>"; };
		DEA03E75271AD3A600A1340B /* Subtract.swift */ = {isa = PBXFileReference; lastKnownFileType = sourcecode.swift; path = Subtract.swift; sourceTree = "<group>"; };
		DEA03E77271AD3C300A1340B /* Divider.swift */ = {isa = PBXFileReference; lastKnownFileType = sourcecode.swift; path = Divider.swift; sourceTree = "<group>"; };
/* End PBXFileReference section */

/* Begin PBXFrameworksBuildPhase section */
		DE0015212713803800CFF5BD /* Frameworks */ = {
			isa = PBXFrameworksBuildPhase;
			buildActionMask = 2147483647;
			files = (
			);
			runOnlyForDeploymentPostprocessing = 0;
		};
/* End PBXFrameworksBuildPhase section */

/* Begin PBXGroup section */
		DE00151B2713803800CFF5BD = {
			isa = PBXGroup;
			children = (
				DE0015262713803800CFF5BD /* Calculator */,
				DE0015252713803800CFF5BD /* Products */,
			);
			sourceTree = "<group>";
		};
		DE0015252713803800CFF5BD /* Products */ = {
			isa = PBXGroup;
			children = (
				DE0015242713803800CFF5BD /* Calculator.app */,
			);
			name = Products;
			sourceTree = "<group>";
		};
		DE0015262713803800CFF5BD /* Calculator */ = {
			isa = PBXGroup;
			children = (
				DEA03E6E271ACC8500A1340B /* Math */,
				DE00153F2713822000CFF5BD /* Application */,
				DE00153E271380EB00CFF5BD /* Misc */,
				DE00153D271380E400CFF5BD /* Controller */,
				DE00153B271380D600CFF5BD /* View */,
				DE00153C271380DD00CFF5BD /* Model */,
			);
			path = Calculator;
			sourceTree = "<group>";
		};
		DE00153B271380D600CFF5BD /* View */ = {
			isa = PBXGroup;
			children = (
				DE0015422713848600CFF5BD /* Extensions */,
				DE0015322713803A00CFF5BD /* LaunchScreen.storyboard */,
				DEA03E6C271AC80C00A1340B /* CalculatorView.swift */,
			);
			path = View;
			sourceTree = "<group>";
		};
		DE00153C271380DD00CFF5BD /* Model */ = {
			isa = PBXGroup;
			children = (
			);
			path = Model;
			sourceTree = "<group>";
		};
		DE00153D271380E400CFF5BD /* Controller */ = {
			isa = PBXGroup;
			children = (
				DE00152B2713803800CFF5BD /* ViewController.swift */,
			);
			path = Controller;
			sourceTree = "<group>";
		};
		DE00153E271380EB00CFF5BD /* Misc */ = {
			isa = PBXGroup;
			children = (
				DE0015352713803A00CFF5BD /* Info.plist */,
				DE0015302713803900CFF5BD /* Assets.xcassets */,
			);
			path = Misc;
			sourceTree = "<group>";
		};
		DE00153F2713822000CFF5BD /* Application */ = {
			isa = PBXGroup;
			children = (
				DE0015292713803800CFF5BD /* SceneDelegate.swift */,
				DE0015272713803800CFF5BD /* AppDelegate.swift */,
				DE0015402713825500CFF5BD /* RootViewController.swift */,
			);
			path = Application;
			sourceTree = "<group>";
		};
		DE0015422713848600CFF5BD /* Extensions */ = {
			isa = PBXGroup;
			children = (
				DE0015432713849900CFF5BD /* Constraints.swift */,
			);
			path = Extensions;
			sourceTree = "<group>";
		};
		DEA03E6E271ACC8500A1340B /* Math */ = {
			isa = PBXGroup;
			children = (
				DEA03E6F271ACCD000A1340B /* Operator.swift */,
				DEA03E71271AD28D00A1340B /* Multiplier.swift */,
				DEA03E73271AD35200A1340B /* Sum.swift */,
				DEA03E75271AD3A600A1340B /* Subtract.swift */,
				DEA03E77271AD3C300A1340B /* Divider.swift */,
			);
			path = Math;
			sourceTree = "<group>";
		};
/* End PBXGroup section */

/* Begin PBXNativeTarget section */
		DE0015232713803800CFF5BD /* Calculator */ = {
			isa = PBXNativeTarget;
			buildConfigurationList = DE0015382713803A00CFF5BD /* Build configuration list for PBXNativeTarget "Calculator" */;
			buildPhases = (
				DE0015202713803800CFF5BD /* Sources */,
				DE0015212713803800CFF5BD /* Frameworks */,
				DE0015222713803800CFF5BD /* Resources */,
			);
			buildRules = (
			);
			dependencies = (
			);
			name = Calculator;
			productName = Calculator;
			productReference = DE0015242713803800CFF5BD /* Calculator.app */;
			productType = "com.apple.product-type.application";
		};
/* End PBXNativeTarget section */

/* Begin PBXProject section */
		DE00151C2713803800CFF5BD /* Project object */ = {
			isa = PBXProject;
			attributes = {
				BuildIndependentTargetsInParallel = 1;
				LastSwiftUpdateCheck = 1300;
				LastUpgradeCheck = 1300;
				TargetAttributes = {
					DE0015232713803800CFF5BD = {
						CreatedOnToolsVersion = 13.0;
					};
				};
			};
			buildConfigurationList = DE00151F2713803800CFF5BD /* Build configuration list for PBXProject "Calculator" */;
			compatibilityVersion = "Xcode 13.0";
			developmentRegion = en;
			hasScannedForEncodings = 0;
			knownRegions = (
				en,
				Base,
			);
			mainGroup = DE00151B2713803800CFF5BD;
			productRefGroup = DE0015252713803800CFF5BD /* Products */;
			projectDirPath = "";
			projectRoot = "";
			targets = (
				DE0015232713803800CFF5BD /* Calculator */,
			);
		};
/* End PBXProject section */

/* Begin PBXResourcesBuildPhase section */
		DE0015222713803800CFF5BD /* Resources */ = {
			isa = PBXResourcesBuildPhase;
			buildActionMask = 2147483647;
			files = (
				DE0015342713803A00CFF5BD /* LaunchScreen.storyboard in Resources */,
				DE0015312713803900CFF5BD /* Assets.xcassets in Resources */,
			);
			runOnlyForDeploymentPostprocessing = 0;
		};
/* End PBXResourcesBuildPhase section */

/* Begin PBXSourcesBuildPhase section */
		DE0015202713803800CFF5BD /* Sources */ = {
			isa = PBXSourcesBuildPhase;
			buildActionMask = 2147483647;
			files = (
				DE00152C2713803800CFF5BD /* ViewController.swift in Sources */,
				DE0015442713849900CFF5BD /* Constraints.swift in Sources */,
				DEA03E72271AD28D00A1340B /* Multiplier.swift in Sources */,
				DEA03E76271AD3A600A1340B /* Subtract.swift in Sources */,
				DE0015282713803800CFF5BD /* AppDelegate.swift in Sources */,
				DE0015412713825500CFF5BD /* RootViewController.swift in Sources */,
				DEA03E78271AD3C300A1340B /* Divider.swift in Sources */,
				DEA03E70271ACCD000A1340B /* Operator.swift in Sources */,
				DEA03E6D271AC80C00A1340B /* CalculatorView.swift in Sources */,
				DE00152A2713803800CFF5BD /* SceneDelegate.swift in Sources */,
				DEA03E74271AD35200A1340B /* Sum.swift in Sources */,
			);
			runOnlyForDeploymentPostprocessing = 0;
		};
/* End PBXSourcesBuildPhase section */

/* Begin PBXVariantGroup section */
		DE0015322713803A00CFF5BD /* LaunchScreen.storyboard */ = {
			isa = PBXVariantGroup;
			children = (
				DE0015332713803A00CFF5BD /* Base */,
			);
			name = LaunchScreen.storyboard;
			sourceTree = "<group>";
		};
/* End PBXVariantGroup section */

/* Begin XCBuildConfiguration section */
		DE0015362713803A00CFF5BD /* Debug */ = {
			isa = XCBuildConfiguration;
			buildSettings = {
				ALWAYS_SEARCH_USER_PATHS = NO;
				CLANG_ANALYZER_NONNULL = YES;
				CLANG_ANALYZER_NUMBER_OBJECT_CONVERSION = YES_AGGRESSIVE;
				CLANG_CXX_LANGUAGE_STANDARD = "gnu++17";
				CLANG_CXX_LIBRARY = "libc++";
				CLANG_ENABLE_MODULES = YES;
				CLANG_ENABLE_OBJC_ARC = YES;
				CLANG_ENABLE_OBJC_WEAK = YES;
				CLANG_WARN_BLOCK_CAPTURE_AUTORELEASING = YES;
				CLANG_WARN_BOOL_CONVERSION = YES;
				CLANG_WARN_COMMA = YES;
				CLANG_WARN_CONSTANT_CONVERSION = YES;
				CLANG_WARN_DEPRECATED_OBJC_IMPLEMENTATIONS = YES;
				CLANG_WARN_DIRECT_OBJC_ISA_USAGE = YES_ERROR;
				CLANG_WARN_DOCUMENTATION_COMMENTS = YES;
				CLANG_WARN_EMPTY_BODY = YES;
				CLANG_WARN_ENUM_CONVERSION = YES;
				CLANG_WARN_INFINITE_RECURSION = YES;
				CLANG_WARN_INT_CONVERSION = YES;
				CLANG_WARN_NON_LITERAL_NULL_CONVERSION = YES;
				CLANG_WARN_OBJC_IMPLICIT_RETAIN_SELF = YES;
				CLANG_WARN_OBJC_LITERAL_CONVERSION = YES;
				CLANG_WARN_OBJC_ROOT_CLASS = YES_ERROR;
				CLANG_WARN_QUOTED_INCLUDE_IN_FRAMEWORK_HEADER = YES;
				CLANG_WARN_RANGE_LOOP_ANALYSIS = YES;
				CLANG_WARN_STRICT_PROTOTYPES = YES;
				CLANG_WARN_SUSPICIOUS_MOVE = YES;
				CLANG_WARN_UNGUARDED_AVAILABILITY = YES_AGGRESSIVE;
				CLANG_WARN_UNREACHABLE_CODE = YES;
				CLANG_WARN__DUPLICATE_METHOD_MATCH = YES;
				COPY_PHASE_STRIP = NO;
				DEBUG_INFORMATION_FORMAT = dwarf;
				ENABLE_STRICT_OBJC_MSGSEND = YES;
				ENABLE_TESTABILITY = YES;
				GCC_C_LANGUAGE_STANDARD = gnu11;
				GCC_DYNAMIC_NO_PIC = NO;
				GCC_NO_COMMON_BLOCKS = YES;
				GCC_OPTIMIZATION_LEVEL = 0;
				GCC_PREPROCESSOR_DEFINITIONS = (
					"DEBUG=1",
					"$(inherited)",
				);
				GCC_WARN_64_TO_32_BIT_CONVERSION = YES;
				GCC_WARN_ABOUT_RETURN_TYPE = YES_ERROR;
				GCC_WARN_UNDECLARED_SELECTOR = YES;
				GCC_WARN_UNINITIALIZED_AUTOS = YES_AGGRESSIVE;
				GCC_WARN_UNUSED_FUNCTION = YES;
				GCC_WARN_UNUSED_VARIABLE = YES;
				IPHONEOS_DEPLOYMENT_TARGET = 15.0;
				MTL_ENABLE_DEBUG_INFO = INCLUDE_SOURCE;
				MTL_FAST_MATH = YES;
				ONLY_ACTIVE_ARCH = YES;
				SDKROOT = iphoneos;
				SWIFT_ACTIVE_COMPILATION_CONDITIONS = DEBUG;
				SWIFT_OPTIMIZATION_LEVEL = "-Onone";
			};
			name = Debug;
		};
		DE0015372713803A00CFF5BD /* Release */ = {
			isa = XCBuildConfiguration;
			buildSettings = {
				ALWAYS_SEARCH_USER_PATHS = NO;
				CLANG_ANALYZER_NONNULL = YES;
				CLANG_ANALYZER_NUMBER_OBJECT_CONVERSION = YES_AGGRESSIVE;
				CLANG_CXX_LANGUAGE_STANDARD = "gnu++17";
				CLANG_CXX_LIBRARY = "libc++";
				CLANG_ENABLE_MODULES = YES;
				CLANG_ENABLE_OBJC_ARC = YES;
				CLANG_ENABLE_OBJC_WEAK = YES;
				CLANG_WARN_BLOCK_CAPTURE_AUTORELEASING = YES;
				CLANG_WARN_BOOL_CONVERSION = YES;
				CLANG_WARN_COMMA = YES;
				CLANG_WARN_CONSTANT_CONVERSION = YES;
				CLANG_WARN_DEPRECATED_OBJC_IMPLEMENTATIONS = YES;
				CLANG_WARN_DIRECT_OBJC_ISA_USAGE = YES_ERROR;
				CLANG_WARN_DOCUMENTATION_COMMENTS = YES;
				CLANG_WARN_EMPTY_BODY = YES;
				CLANG_WARN_ENUM_CONVERSION = YES;
				CLANG_WARN_INFINITE_RECURSION = YES;
				CLANG_WARN_INT_CONVERSION = YES;
				CLANG_WARN_NON_LITERAL_NULL_CONVERSION = YES;
				CLANG_WARN_OBJC_IMPLICIT_RETAIN_SELF = YES;
				CLANG_WARN_OBJC_LITERAL_CONVERSION = YES;
				CLANG_WARN_OBJC_ROOT_CLASS = YES_ERROR;
				CLANG_WARN_QUOTED_INCLUDE_IN_FRAMEWORK_HEADER = YES;
				CLANG_WARN_RANGE_LOOP_ANALYSIS = YES;
				CLANG_WARN_STRICT_PROTOTYPES = YES;
				CLANG_WARN_SUSPICIOUS_MOVE = YES;
				CLANG_WARN_UNGUARDED_AVAILABILITY = YES_AGGRESSIVE;
				CLANG_WARN_UNREACHABLE_CODE = YES;
				CLANG_WARN__DUPLICATE_METHOD_MATCH = YES;
				COPY_PHASE_STRIP = NO;
				DEBUG_INFORMATION_FORMAT = "dwarf-with-dsym";
				ENABLE_NS_ASSERTIONS = NO;
				ENABLE_STRICT_OBJC_MSGSEND = YES;
				GCC_C_LANGUAGE_STANDARD = gnu11;
				GCC_NO_COMMON_BLOCKS = YES;
				GCC_WARN_64_TO_32_BIT_CONVERSION = YES;
				GCC_WARN_ABOUT_RETURN_TYPE = YES_ERROR;
				GCC_WARN_UNDECLARED_SELECTOR = YES;
				GCC_WARN_UNINITIALIZED_AUTOS = YES_AGGRESSIVE;
				GCC_WARN_UNUSED_FUNCTION = YES;
				GCC_WARN_UNUSED_VARIABLE = YES;
				IPHONEOS_DEPLOYMENT_TARGET = 15.0;
				MTL_ENABLE_DEBUG_INFO = NO;
				MTL_FAST_MATH = YES;
				SDKROOT = iphoneos;
				SWIFT_COMPILATION_MODE = wholemodule;
				SWIFT_OPTIMIZATION_LEVEL = "-O";
				VALIDATE_PRODUCT = YES;
			};
			name = Release;
		};
		DE0015392713803A00CFF5BD /* Debug */ = {
			isa = XCBuildConfiguration;
			buildSettings = {
				ASSETCATALOG_COMPILER_APPICON_NAME = AppIcon;
				ASSETCATALOG_COMPILER_GLOBAL_ACCENT_COLOR_NAME = AccentColor;
				CODE_SIGN_STYLE = Automatic;
				CURRENT_PROJECT_VERSION = 1;
				DEVELOPMENT_TEAM = A293577QNF;
				GENERATE_INFOPLIST_FILE = YES;
				INFOPLIST_FILE = Calculator/Misc/Info.plist;
				INFOPLIST_KEY_UIApplicationSupportsIndirectInputEvents = YES;
				INFOPLIST_KEY_UILaunchStoryboardName = LaunchScreen;
				INFOPLIST_KEY_UISupportedInterfaceOrientations_iPad = "UIInterfaceOrientationPortrait UIInterfaceOrientationPortraitUpsideDown UIInterfaceOrientationLandscapeLeft UIInterfaceOrientationLandscapeRight";
				INFOPLIST_KEY_UISupportedInterfaceOrientations_iPhone = "UIInterfaceOrientationPortrait UIInterfaceOrientationLandscapeLeft UIInterfaceOrientationLandscapeRight";
				IPHONEOS_DEPLOYMENT_TARGET = 12.0;
				LD_RUNPATH_SEARCH_PATHS = (
					"$(inherited)",
					"@executable_path/Frameworks",
				);
				MARKETING_VERSION = 1.0;
				PRODUCT_BUNDLE_IDENTIFIER = com.hackingwithswift..Calculator;
				PRODUCT_NAME = "$(TARGET_NAME)";
				SWIFT_EMIT_LOC_STRINGS = YES;
				SWIFT_VERSION = 5.0;
				TARGETED_DEVICE_FAMILY = "1,2";
			};
			name = Debug;
		};
		DE00153A2713803A00CFF5BD /* Release */ = {
			isa = XCBuildConfiguration;
			buildSettings = {
				ASSETCATALOG_COMPILER_APPICON_NAME = AppIcon;
				ASSETCATALOG_COMPILER_GLOBAL_ACCENT_COLOR_NAME = AccentColor;
				CODE_SIGN_STYLE = Automatic;
				CURRENT_PROJECT_VERSION = 1;
				DEVELOPMENT_TEAM = A293577QNF;
				GENERATE_INFOPLIST_FILE = YES;
				INFOPLIST_FILE = Calculator/Misc/Info.plist;
				INFOPLIST_KEY_UIApplicationSupportsIndirectInputEvents = YES;
				INFOPLIST_KEY_UILaunchStoryboardName = LaunchScreen;
				INFOPLIST_KEY_UISupportedInterfaceOrientations_iPad = "UIInterfaceOrientationPortrait UIInterfaceOrientationPortraitUpsideDown UIInterfaceOrientationLandscapeLeft UIInterfaceOrientationLandscapeRight";
				INFOPLIST_KEY_UISupportedInterfaceOrientations_iPhone = "UIInterfaceOrientationPortrait UIInterfaceOrientationLandscapeLeft UIInterfaceOrientationLandscapeRight";
				IPHONEOS_DEPLOYMENT_TARGET = 12.0;
				LD_RUNPATH_SEARCH_PATHS = (
					"$(inherited)",
					"@executable_path/Frameworks",
				);
				MARKETING_VERSION = 1.0;
				PRODUCT_BUNDLE_IDENTIFIER = com.hackingwithswift..Calculator;
				PRODUCT_NAME = "$(TARGET_NAME)";
				SWIFT_EMIT_LOC_STRINGS = YES;
				SWIFT_VERSION = 5.0;
				TARGETED_DEVICE_FAMILY = "1,2";
			};
			name = Release;
		};
/* End XCBuildConfiguration section */

/* Begin XCConfigurationList section */
		DE00151F2713803800CFF5BD /* Build configuration list for PBXProject "Calculator" */ = {
			isa = XCConfigurationList;
			buildConfigurations = (
				DE0015362713803A00CFF5BD /* Debug */,
				DE0015372713803A00CFF5BD /* Release */,
			);
			defaultConfigurationIsVisible = 0;
			defaultConfigurationName = Release;
		};
		DE0015382713803A00CFF5BD /* Build configuration list for PBXNativeTarget "Calculator" */ = {
			isa = XCConfigurationList;
			buildConfigurations = (
				DE0015392713803A00CFF5BD /* Debug */,
				DE00153A2713803A00CFF5BD /* Release */,
			);
			defaultConfigurationIsVisible = 0;
			defaultConfigurationName = Release;
		};
/* End XCConfigurationList section */
	};
	rootObject = DE00151C2713803800CFF5BD /* Project object */;
}
